
Microsoft Visual Studio Solution File, Format Version 12.00
# Visual Studio Version 16
VisualStudioVersion = 16.0.29324.140
MinimumVisualStudioVersion = 10.0.40219.1
Project("{9A19103F-16F7-4668-BE54-9A1E7A4F7556}") = "LinqSamples", "LinqSamples\LinqSamples.csproj", "{E72EA7DC-DC30-450B-ACB9-38E9C839AC8C}"
EndProject
Project("{FAE04EC0-301F-11D3-BF4B-00C04F79EFBC}") = "Queries", "Queries\Queries.csproj", "{49B4EBCA-67ED-4007-83A0-5AE3B22B8EE8}"
EndProject
Global
	GlobalSection(SolutionConfigurationPlatforms) = preSolution
		Debug|Any CPU = Debug|Any CPU
		Release|Any CPU = Release|Any CPU
	EndGlobalSection
	GlobalSection(ProjectConfigurationPlatforms) = postSolution
		{E72EA7DC-DC30-450B-ACB9-38E9C839AC8C}.Debug|Any CPU.ActiveCfg = Debug|Any CPU
		{E72EA7DC-DC30-450B-ACB9-38E9C839AC8C}.Debug|Any CPU.Build.0 = Debug|Any CPU
		{E72EA7DC-DC30-450B-ACB9-38E9C839AC8C}.Release|Any CPU.ActiveCfg = Release|Any CPU
		{E72EA7DC-DC30-450B-ACB9-38E9C839AC8C}.Release|Any CPU.Build.0 = Release|Any CPU
		{49B4EBCA-67ED-4007-83A0-5AE3B22B8EE8}.Debug|Any CPU.ActiveCfg = Debug|Any CPU
		{49B4EBCA-67ED-4007-83A0-5AE3B22B8EE8}.Debug|Any CPU.Build.0 = Debug|Any CPU
		{49B4EBCA-67ED-4007-83A0-5AE3B22B8EE8}.Release|Any CPU.ActiveCfg = Release|Any CPU
		{49B4EBCA-67ED-4007-83A0-5AE3B22B8EE8}.Release|Any CPU.Build.0 = Release|Any CPU
	EndGlobalSection
	GlobalSection(SolutionProperties) = preSolution
		HideSolutionNode = FALSE
	EndGlobalSection
	GlobalSection(ExtensibilityGlobals) = postSolution
		SolutionGuid = {A465A891-9BDF-4DCC-AB45-79B8E563A004}
	EndGlobalSection
EndGlobal
